
Microsoft Visual Studio Solution File, Format Version 12.00
# Visual Studio Version 17
VisualStudioVersion = 17.0.31903.59
MinimumVisualStudioVersion = 10.0.40219.1
Project("{FAE04EC0-301F-11D3-BF4B-00C04F79EFBC}") = "PartData_XML", "PartData_XML.csproj", "{7CCCC7C4-02FA-44C3-9364-425B48CAA13A}"
EndProject
Global
	GlobalSection(SolutionConfigurationPlatforms) = preSolution
		Debug|Any CPU = Debug|Any CPU
		Release|Any CPU = Release|Any CPU
	EndGlobalSection
	GlobalSection(ProjectConfigurationPlatforms) = postSolution
		{7CCCC7C4-02FA-44C3-9364-425B48CAA13A}.Debug|Any CPU.ActiveCfg = Debug|Any CPU
		{7CCCC7C4-02FA-44C3-9364-425B48CAA13A}.Debug|Any CPU.Build.0 = Debug|Any CPU
		{7CCCC7C4-02FA-44C3-9364-425B48CAA13A}.Release|Any CPU.ActiveCfg = Release|Any CPU
		{7CCCC7C4-02FA-44C3-9364-425B48CAA13A}.Release|Any CPU.Build.0 = Release|Any CPU
	EndGlobalSection
	GlobalSection(SolutionProperties) = preSolution
		HideSolutionNode = FALSE
	EndGlobalSection
	GlobalSection(ExtensibilityGlobals) = postSolution
		SolutionGuid = {924C1FEF-6C4B-42A0-8FD0-669AA92FB8C0}
	EndGlobalSection
EndGlobal
